
Microsoft Visual Studio Solution File, Format Version 12.00
# Visual Studio Version 16
VisualStudioVersion = 16.0.31229.75
MinimumVisualStudioVersion = 10.0.40219.1
Project("{8BC9CEB8-8B4A-11D0-8D11-00A0C91BC942}") = "ChatServer", "ChatServer.vcxproj", "{E783F60C-B071-4AF3-8F3F-63CEB0AA9348}"
EndProject
Global
	GlobalSection(SolutionConfigurationPlatforms) = preSolution
		Debug|x64 = Debug|x64
		Debug|x86 = Debug|x86
		Release|x64 = Release|x64
		Release|x86 = Release|x86
	EndGlobalSection
	GlobalSection(ProjectConfigurationPlatforms) = postSolution
		{E783F60C-B071-4AF3-8F3F-63CEB0AA9348}.Debug|x64.ActiveCfg = Debug|x64
		{E783F60C-B071-4AF3-8F3F-63CEB0AA9348}.Debug|x64.Build.0 = Debug|x64
		{E783F60C-B071-4AF3-8F3F-63CEB0AA9348}.Debug|x86.ActiveCfg = Debug|Win32
		{E783F60C-B071-4AF3-8F3F-63CEB0AA9348}.Debug|x86.Build.0 = Debug|Win32
		{E783F60C-B071-4AF3-8F3F-63CEB0AA9348}.Release|x64.ActiveCfg = Release|x64
		{E783F60C-B071-4AF3-8F3F-63CEB0AA9348}.Release|x64.Build.0 = Release|x64
		{E783F60C-B071-4AF3-8F3F-63CEB0AA9348}.Release|x86.ActiveCfg = Release|Win32
		{E783F60C-B071-4AF3-8F3F-63CEB0AA9348}.Release|x86.Build.0 = Release|Win32
	EndGlobalSection
	GlobalSection(SolutionProperties) = preSolution
		HideSolutionNode = FALSE
	EndGlobalSection
	GlobalSection(ExtensibilityGlobals) = postSolution
		SolutionGuid = {5461EE19-E27F-4E5F-AA05-3C00A87D97D8}
	EndGlobalSection
EndGlobal
